
Microsoft Visual Studio Solution File, Format Version 12.00
# Visual Studio 2015
Project("{FAE04EC0-301F-11D3-BF4B-00C04F79EFBC}") = "Yamaarashi", "Yamaarashi.csproj", "{CEC6D83D-BFCC-8419-4219-09D8F59D27A3}"
EndProject
Global
	GlobalSection(SolutionConfigurationPlatforms) = preSolution
		Debug|Any CPU = Debug|Any CPU
		Release|Any CPU = Release|Any CPU
	EndGlobalSection
	GlobalSection(ProjectConfigurationPlatforms) = postSolution
		{CEC6D83D-BFCC-8419-4219-09D8F59D27A3}.Debug|Any CPU.ActiveCfg = Debug|Any CPU
		{CEC6D83D-BFCC-8419-4219-09D8F59D27A3}.Debug|Any CPU.Build.0 = Debug|Any CPU
		{CEC6D83D-BFCC-8419-4219-09D8F59D27A3}.Release|Any CPU.ActiveCfg = Release|Any CPU
		{CEC6D83D-BFCC-8419-4219-09D8F59D27A3}.Release|Any CPU.Build.0 = Release|Any CPU
	EndGlobalSection
	GlobalSection(SolutionProperties) = preSolution
		HideSolutionNode = FALSE
	EndGlobalSection
EndGlobal
